// !$*UTF8*$!
{
	archiveVersion = 1;
	classes = {
	};
	objectVersion = 55;
	objects = {

/* Begin PBXBuildFile section */
		20CB41172814F3EF00D4F860 /* WickedWoodsApp.swift in Sources */ = {isa = PBXBuildFile; fileRef = 20CB41162814F3EF00D4F860 /* WickedWoodsApp.swift */; };
		20CB411B2814F3F000D4F860 /* Assets.xcassets in Resources */ = {isa = PBXBuildFile; fileRef = 20CB411A2814F3F000D4F860 /* Assets.xcassets */; };
		20CB411E2814F3F000D4F860 /* Preview Assets.xcassets in Resources */ = {isa = PBXBuildFile; fileRef = 20CB411D2814F3F000D4F860 /* Preview Assets.xcassets */; };
		20CB41232814F41500D4F860 /* EventFeature in Frameworks */ = {isa = PBXBuildFile; productRef = 20CB41222814F41500D4F860 /* EventFeature */; };
		20CB41272814F42E00D4F860 /* ServiceCore in Frameworks */ = {isa = PBXBuildFile; productRef = 20CB41262814F42E00D4F860 /* ServiceCore */; };
		20CB41292814F46A00D4F860 /* GoogleService-Info.plist in Resources */ = {isa = PBXBuildFile; fileRef = 20CB41282814F46A00D4F860 /* GoogleService-Info.plist */; };
		EF26A0B327D855CB00E10A71 /* FestivlManagerApp.swift in Sources */ = {isa = PBXBuildFile; fileRef = EF26A0B227D855CB00E10A71 /* FestivlManagerApp.swift */; };
		EF26A0B727D855D100E10A71 /* Assets.xcassets in Resources */ = {isa = PBXBuildFile; fileRef = EF26A0B627D855D100E10A71 /* Assets.xcassets */; };
		EF26A0BA27D855D100E10A71 /* Preview Assets.xcassets in Resources */ = {isa = PBXBuildFile; fileRef = EF26A0B927D855D100E10A71 /* Preview Assets.xcassets */; };
		EF26A0C227D8649300E10A71 /* FestivlAppFeature in Frameworks */ = {isa = PBXBuildFile; productRef = EF26A0C127D8649300E10A71 /* FestivlAppFeature */; };
		EF26A0CD27D86E7400E10A71 /* GoogleService-Info.plist in Resources */ = {isa = PBXBuildFile; fileRef = EF26A0CC27D86E7400E10A71 /* GoogleService-Info.plist */; };
		EF26A0CF27D87C1E00E10A71 /* ServiceCore in Frameworks */ = {isa = PBXBuildFile; productRef = EF26A0CE27D87C1E00E10A71 /* ServiceCore */; };
		EF26A0D127D87C2500E10A71 /* FestivlManagerAppFeature in Frameworks */ = {isa = PBXBuildFile; productRef = EF26A0D027D87C2500E10A71 /* FestivlManagerAppFeature */; };
		EF28EC5927E0432B008FCE36 /* MacOSComponents in Frameworks */ = {isa = PBXBuildFile; productRef = EF28EC5827E0432B008FCE36 /* MacOSComponents */; };
		EF479E5027B629690075D7E2 /* GoogleService-Info.plist in Resources */ = {isa = PBXBuildFile; fileRef = EF479E4F27B629690075D7E2 /* GoogleService-Info.plist */; };
		EF479E5227B629E00075D7E2 /* ServiceCore in Frameworks */ = {isa = PBXBuildFile; productRef = EF479E5127B629E00075D7E2 /* ServiceCore */; };
		EF692E6C27B4CA48006F8E0D /* FestivlApp.swift in Sources */ = {isa = PBXBuildFile; fileRef = EF692E6B27B4CA48006F8E0D /* FestivlApp.swift */; };
		EF692E7027B4CA49006F8E0D /* Assets.xcassets in Resources */ = {isa = PBXBuildFile; fileRef = EF692E6F27B4CA49006F8E0D /* Assets.xcassets */; };
		EF692E7327B4CA49006F8E0D /* Preview Assets.xcassets in Resources */ = {isa = PBXBuildFile; fileRef = EF692E7227B4CA49006F8E0D /* Preview Assets.xcassets */; };
/* End PBXBuildFile section */

/* Begin PBXFileReference section */
		2046EC3E2814B7D700094617 /* Info.plist */ = {isa = PBXFileReference; lastKnownFileType = text.plist; path = Info.plist; sourceTree = "<group>"; };
		2067AB8E27F54B28001E85BE /* Info.plist */ = {isa = PBXFileReference; lastKnownFileType = text.plist; path = Info.plist; sourceTree = "<group>"; };
		20CB41142814F3EF00D4F860 /* WickedWoods.app */ = {isa = PBXFileReference; explicitFileType = wrapper.application; includeInIndex = 0; path = WickedWoods.app; sourceTree = BUILT_PRODUCTS_DIR; };
		20CB41162814F3EF00D4F860 /* WickedWoodsApp.swift */ = {isa = PBXFileReference; lastKnownFileType = sourcecode.swift; path = WickedWoodsApp.swift; sourceTree = "<group>"; };
		20CB411A2814F3F000D4F860 /* Assets.xcassets */ = {isa = PBXFileReference; lastKnownFileType = folder.assetcatalog; path = Assets.xcassets; sourceTree = "<group>"; };
		20CB411D2814F3F000D4F860 /* Preview Assets.xcassets */ = {isa = PBXFileReference; lastKnownFileType = folder.assetcatalog; path = "Preview Assets.xcassets"; sourceTree = "<group>"; };
		20CB41282814F46A00D4F860 /* GoogleService-Info.plist */ = {isa = PBXFileReference; fileEncoding = 4; lastKnownFileType = text.plist.xml; path = "GoogleService-Info.plist"; sourceTree = "<group>"; };
		20CB412A2816062900D4F860 /* Info.plist */ = {isa = PBXFileReference; lastKnownFileType = text.plist; path = Info.plist; sourceTree = "<group>"; };
		EF26A0B027D855CB00E10A71 /* FestivlManager.app */ = {isa = PBXFileReference; explicitFileType = wrapper.application; includeInIndex = 0; path = FestivlManager.app; sourceTree = BUILT_PRODUCTS_DIR; };
		EF26A0B227D855CB00E10A71 /* FestivlManagerApp.swift */ = {isa = PBXFileReference; lastKnownFileType = sourcecode.swift; path = FestivlManagerApp.swift; sourceTree = "<group>"; };
		EF26A0B627D855D100E10A71 /* Assets.xcassets */ = {isa = PBXFileReference; lastKnownFileType = folder.assetcatalog; path = Assets.xcassets; sourceTree = "<group>"; };
		EF26A0B927D855D100E10A71 /* Preview Assets.xcassets */ = {isa = PBXFileReference; lastKnownFileType = folder.assetcatalog; path = "Preview Assets.xcassets"; sourceTree = "<group>"; };
		EF26A0BB27D855D100E10A71 /* FestivlManager.entitlements */ = {isa = PBXFileReference; lastKnownFileType = text.plist.entitlements; path = FestivlManager.entitlements; sourceTree = "<group>"; };
		EF26A0C027D85F5B00E10A71 /* FestivlApp */ = {isa = PBXFileReference; lastKnownFileType = wrapper; path = FestivlApp; sourceTree = "<group>"; };
		EF26A0C327D8660200E10A71 /* FestivlManagerLibrary */ = {isa = PBXFileReference; lastKnownFileType = wrapper; path = FestivlManagerLibrary; sourceTree = "<group>"; };
		EF26A0CC27D86E7400E10A71 /* GoogleService-Info.plist */ = {isa = PBXFileReference; fileEncoding = 4; lastKnownFileType = text.plist.xml; path = "GoogleService-Info.plist"; sourceTree = "<group>"; };
		EF479E4F27B629690075D7E2 /* GoogleService-Info.plist */ = {isa = PBXFileReference; fileEncoding = 4; lastKnownFileType = text.plist.xml; path = "GoogleService-Info.plist"; sourceTree = "<group>"; };
		EF692E6827B4CA48006F8E0D /* Festivl.app */ = {isa = PBXFileReference; explicitFileType = wrapper.application; includeInIndex = 0; path = Festivl.app; sourceTree = BUILT_PRODUCTS_DIR; };
		EF692E6B27B4CA48006F8E0D /* FestivlApp.swift */ = {isa = PBXFileReference; lastKnownFileType = sourcecode.swift; path = FestivlApp.swift; sourceTree = "<group>"; };
		EF692E6F27B4CA49006F8E0D /* Assets.xcassets */ = {isa = PBXFileReference; lastKnownFileType = folder.assetcatalog; path = Assets.xcassets; sourceTree = "<group>"; };
		EF692E7227B4CA49006F8E0D /* Preview Assets.xcassets */ = {isa = PBXFileReference; lastKnownFileType = folder.assetcatalog; path = "Preview Assets.xcassets"; sourceTree = "<group>"; };
		EFCCBD9027B4CA79004E5270 /* FestivlLibrary */ = {isa = PBXFileReference; lastKnownFileType = wrapper; path = FestivlLibrary; sourceTree = "<group>"; };
/* End PBXFileReference section */

/* Begin PBXFrameworksBuildPhase section */
		20CB41112814F3EF00D4F860 /* Frameworks */ = {
			isa = PBXFrameworksBuildPhase;
			buildActionMask = 2147483647;
			files = (
				20CB41232814F41500D4F860 /* EventFeature in Frameworks */,
				20CB41272814F42E00D4F860 /* ServiceCore in Frameworks */,
			);
			runOnlyForDeploymentPostprocessing = 0;
		};
		EF26A0AD27D855CB00E10A71 /* Frameworks */ = {
			isa = PBXFrameworksBuildPhase;
			buildActionMask = 2147483647;
			files = (
				EF26A0CF27D87C1E00E10A71 /* ServiceCore in Frameworks */,
				EF28EC5927E0432B008FCE36 /* MacOSComponents in Frameworks */,
				EF26A0D127D87C2500E10A71 /* FestivlManagerAppFeature in Frameworks */,
			);
			runOnlyForDeploymentPostprocessing = 0;
		};
		EF692E6527B4CA48006F8E0D /* Frameworks */ = {
			isa = PBXFrameworksBuildPhase;
			buildActionMask = 2147483647;
			files = (
				EF479E5227B629E00075D7E2 /* ServiceCore in Frameworks */,
				EF26A0C227D8649300E10A71 /* FestivlAppFeature in Frameworks */,
			);
			runOnlyForDeploymentPostprocessing = 0;
		};
/* End PBXFrameworksBuildPhase section */

/* Begin PBXGroup section */
		20CB41152814F3EF00D4F860 /* WickedWoods */ = {
			isa = PBXGroup;
			children = (
				20CB412A2816062900D4F860 /* Info.plist */,
				20CB41282814F46A00D4F860 /* GoogleService-Info.plist */,
				20CB41162814F3EF00D4F860 /* WickedWoodsApp.swift */,
				20CB411A2814F3F000D4F860 /* Assets.xcassets */,
				20CB411C2814F3F000D4F860 /* Preview Content */,
			);
			path = WickedWoods;
			sourceTree = "<group>";
		};
		20CB411C2814F3F000D4F860 /* Preview Content */ = {
			isa = PBXGroup;
			children = (
				20CB411D2814F3F000D4F860 /* Preview Assets.xcassets */,
			);
			path = "Preview Content";
			sourceTree = "<group>";
		};
		EF26A0B127D855CB00E10A71 /* FestivlManager */ = {
			isa = PBXGroup;
			children = (
				2067AB8E27F54B28001E85BE /* Info.plist */,
				EF26A0CC27D86E7400E10A71 /* GoogleService-Info.plist */,
				EF26A0B227D855CB00E10A71 /* FestivlManagerApp.swift */,
				EF26A0B627D855D100E10A71 /* Assets.xcassets */,
				EF26A0BB27D855D100E10A71 /* FestivlManager.entitlements */,
				EF26A0B827D855D100E10A71 /* Preview Content */,
			);
			path = FestivlManager;
			sourceTree = "<group>";
		};
		EF26A0B827D855D100E10A71 /* Preview Content */ = {
			isa = PBXGroup;
			children = (
				EF26A0B927D855D100E10A71 /* Preview Assets.xcassets */,
			);
			path = "Preview Content";
			sourceTree = "<group>";
		};
		EF479E4C27B6108C0075D7E2 /* Frameworks */ = {
			isa = PBXGroup;
			children = (
			);
			name = Frameworks;
			sourceTree = "<group>";
		};
		EF692E5F27B4CA48006F8E0D = {
			isa = PBXGroup;
			children = (
				EFCCBD9027B4CA79004E5270 /* FestivlLibrary */,
				EF26A0C027D85F5B00E10A71 /* FestivlApp */,
				EF26A0C327D8660200E10A71 /* FestivlManagerLibrary */,
				EF692E6A27B4CA48006F8E0D /* Festivl */,
				EF26A0B127D855CB00E10A71 /* FestivlManager */,
				20CB41152814F3EF00D4F860 /* WickedWoods */,
				EF692E6927B4CA48006F8E0D /* Products */,
				EF479E4C27B6108C0075D7E2 /* Frameworks */,
			);
			sourceTree = "<group>";
		};
		EF692E6927B4CA48006F8E0D /* Products */ = {
			isa = PBXGroup;
			children = (
				EF692E6827B4CA48006F8E0D /* Festivl.app */,
				EF26A0B027D855CB00E10A71 /* FestivlManager.app */,
				20CB41142814F3EF00D4F860 /* WickedWoods.app */,
			);
			name = Products;
			sourceTree = "<group>";
		};
		EF692E6A27B4CA48006F8E0D /* Festivl */ = {
			isa = PBXGroup;
			children = (
				2046EC3E2814B7D700094617 /* Info.plist */,
				EF479E4F27B629690075D7E2 /* GoogleService-Info.plist */,
				EF692E6B27B4CA48006F8E0D /* FestivlApp.swift */,
				EF692E6F27B4CA49006F8E0D /* Assets.xcassets */,
				EF692E7127B4CA49006F8E0D /* Preview Content */,
			);
			path = Festivl;
			sourceTree = "<group>";
		};
		EF692E7127B4CA49006F8E0D /* Preview Content */ = {
			isa = PBXGroup;
			children = (
				EF692E7227B4CA49006F8E0D /* Preview Assets.xcassets */,
			);
			path = "Preview Content";
			sourceTree = "<group>";
		};
/* End PBXGroup section */

/* Begin PBXNativeTarget section */
		20CB41132814F3EF00D4F860 /* WickedWoods */ = {
			isa = PBXNativeTarget;
			buildConfigurationList = 20CB41212814F3F000D4F860 /* Build configuration list for PBXNativeTarget "WickedWoods" */;
			buildPhases = (
				20CB41102814F3EF00D4F860 /* Sources */,
				20CB41112814F3EF00D4F860 /* Frameworks */,
				20CB41122814F3EF00D4F860 /* Resources */,
			);
			buildRules = (
			);
			dependencies = (
			);
			name = WickedWoods;
			packageProductDependencies = (
				20CB41222814F41500D4F860 /* EventFeature */,
				20CB41262814F42E00D4F860 /* ServiceCore */,
			);
			productName = WickedWoods;
			productReference = 20CB41142814F3EF00D4F860 /* WickedWoods.app */;
			productType = "com.apple.product-type.application";
		};
		EF26A0AF27D855CB00E10A71 /* FestivlManager */ = {
			isa = PBXNativeTarget;
			buildConfigurationList = EF26A0BE27D855D100E10A71 /* Build configuration list for PBXNativeTarget "FestivlManager" */;
			buildPhases = (
				EF26A0AC27D855CB00E10A71 /* Sources */,
				EF26A0AD27D855CB00E10A71 /* Frameworks */,
				EF26A0AE27D855CB00E10A71 /* Resources */,
			);
			buildRules = (
			);
			dependencies = (
			);
			name = FestivlManager;
			packageProductDependencies = (
				EF26A0CE27D87C1E00E10A71 /* ServiceCore */,
				EF26A0D027D87C2500E10A71 /* FestivlManagerAppFeature */,
				EF28EC5827E0432B008FCE36 /* MacOSComponents */,
			);
			productName = FestivlManager;
			productReference = EF26A0B027D855CB00E10A71 /* FestivlManager.app */;
			productType = "com.apple.product-type.application";
		};
		EF692E6727B4CA48006F8E0D /* Festivl */ = {
			isa = PBXNativeTarget;
			buildConfigurationList = EF692E7627B4CA49006F8E0D /* Build configuration list for PBXNativeTarget "Festivl" */;
			buildPhases = (
				EF692E6427B4CA48006F8E0D /* Sources */,
				EF692E6527B4CA48006F8E0D /* Frameworks */,
				EF692E6627B4CA48006F8E0D /* Resources */,
			);
			buildRules = (
			);
			dependencies = (
			);
			name = Festivl;
			packageProductDependencies = (
				EF479E5127B629E00075D7E2 /* ServiceCore */,
				EF26A0C127D8649300E10A71 /* FestivlAppFeature */,
			);
			productName = Festivl;
			productReference = EF692E6827B4CA48006F8E0D /* Festivl.app */;
			productType = "com.apple.product-type.application";
		};
/* End PBXNativeTarget section */

/* Begin PBXProject section */
		EF692E6027B4CA48006F8E0D /* Project object */ = {
			isa = PBXProject;
			attributes = {
				BuildIndependentTargetsInParallel = 1;
				LastSwiftUpdateCheck = 1330;
				LastUpgradeCheck = 1330;
				TargetAttributes = {
					20CB41132814F3EF00D4F860 = {
						CreatedOnToolsVersion = 13.3;
					};
					EF26A0AF27D855CB00E10A71 = {
						CreatedOnToolsVersion = 13.2.1;
					};
					EF692E6727B4CA48006F8E0D = {
						CreatedOnToolsVersion = 13.2.1;
					};
				};
			};
			buildConfigurationList = EF692E6327B4CA48006F8E0D /* Build configuration list for PBXProject "Festivl" */;
			compatibilityVersion = "Xcode 13.0";
			developmentRegion = en;
			hasScannedForEncodings = 0;
			knownRegions = (
				en,
				Base,
			);
			mainGroup = EF692E5F27B4CA48006F8E0D;
			packageReferences = (
			);
			productRefGroup = EF692E6927B4CA48006F8E0D /* Products */;
			projectDirPath = "";
			projectRoot = "";
			targets = (
				EF692E6727B4CA48006F8E0D /* Festivl */,
				EF26A0AF27D855CB00E10A71 /* FestivlManager */,
				20CB41132814F3EF00D4F860 /* WickedWoods */,
			);
		};
/* End PBXProject section */

/* Begin PBXResourcesBuildPhase section */
		20CB41122814F3EF00D4F860 /* Resources */ = {
			isa = PBXResourcesBuildPhase;
			buildActionMask = 2147483647;
			files = (
				20CB411E2814F3F000D4F860 /* Preview Assets.xcassets in Resources */,
				20CB411B2814F3F000D4F860 /* Assets.xcassets in Resources */,
				20CB41292814F46A00D4F860 /* GoogleService-Info.plist in Resources */,
			);
			runOnlyForDeploymentPostprocessing = 0;
		};
		EF26A0AE27D855CB00E10A71 /* Resources */ = {
			isa = PBXResourcesBuildPhase;
			buildActionMask = 2147483647;
			files = (
				EF26A0CD27D86E7400E10A71 /* GoogleService-Info.plist in Resources */,
				EF26A0BA27D855D100E10A71 /* Preview Assets.xcassets in Resources */,
				EF26A0B727D855D100E10A71 /* Assets.xcassets in Resources */,
			);
			runOnlyForDeploymentPostprocessing = 0;
		};
		EF692E6627B4CA48006F8E0D /* Resources */ = {
			isa = PBXResourcesBuildPhase;
			buildActionMask = 2147483647;
			files = (
				EF692E7327B4CA49006F8E0D /* Preview Assets.xcassets in Resources */,
				EF479E5027B629690075D7E2 /* GoogleService-Info.plist in Resources */,
				EF692E7027B4CA49006F8E0D /* Assets.xcassets in Resources */,
			);
			runOnlyForDeploymentPostprocessing = 0;
		};
/* End PBXResourcesBuildPhase section */

/* Begin PBXSourcesBuildPhase section */
		20CB41102814F3EF00D4F860 /* Sources */ = {
			isa = PBXSourcesBuildPhase;
			buildActionMask = 2147483647;
			files = (
				20CB41172814F3EF00D4F860 /* WickedWoodsApp.swift in Sources */,
			);
			runOnlyForDeploymentPostprocessing = 0;
		};
		EF26A0AC27D855CB00E10A71 /* Sources */ = {
			isa = PBXSourcesBuildPhase;
			buildActionMask = 2147483647;
			files = (
				EF26A0B327D855CB00E10A71 /* FestivlManagerApp.swift in Sources */,
			);
			runOnlyForDeploymentPostprocessing = 0;
		};
		EF692E6427B4CA48006F8E0D /* Sources */ = {
			isa = PBXSourcesBuildPhase;
			buildActionMask = 2147483647;
			files = (
				EF692E6C27B4CA48006F8E0D /* FestivlApp.swift in Sources */,
			);
			runOnlyForDeploymentPostprocessing = 0;
		};
/* End PBXSourcesBuildPhase section */

/* Begin XCBuildConfiguration section */
		20CB411F2814F3F000D4F860 /* Debug */ = {
			isa = XCBuildConfiguration;
			buildSettings = {
				ASSETCATALOG_COMPILER_APPICON_NAME = AppIcon;
				ASSETCATALOG_COMPILER_GLOBAL_ACCENT_COLOR_NAME = AccentColor;
				CODE_SIGN_STYLE = Automatic;
				CURRENT_PROJECT_VERSION = 6;
				DEVELOPMENT_ASSET_PATHS = "\"WickedWoods/Preview Content\"";
				DEVELOPMENT_TEAM = FYZE6539TN;
				ENABLE_PREVIEWS = YES;
				GENERATE_INFOPLIST_FILE = YES;
				INFOPLIST_FILE = WickedWoods/Info.plist;
				INFOPLIST_KEY_UIApplicationSceneManifest_Generation = YES;
				INFOPLIST_KEY_UIApplicationSupportsIndirectInputEvents = YES;
				INFOPLIST_KEY_UISupportedInterfaceOrientations_iPad = "UIInterfaceOrientationPortrait UIInterfaceOrientationPortraitUpsideDown UIInterfaceOrientationLandscapeLeft UIInterfaceOrientationLandscapeRight";
				INFOPLIST_KEY_UISupportedInterfaceOrientations_iPhone = "UIInterfaceOrientationPortrait UIInterfaceOrientationLandscapeLeft UIInterfaceOrientationLandscapeRight";
				IPHONEOS_DEPLOYMENT_TARGET = 15.0;
				LD_RUNPATH_SEARCH_PATHS = (
					"$(inherited)",
					"@executable_path/Frameworks",
				);
				MARKETING_VERSION = 1.2;
				PRODUCT_BUNDLE_IDENTIFIER = com.Festivl.WickedWoods;
				PRODUCT_NAME = "$(TARGET_NAME)";
				SWIFT_EMIT_LOC_STRINGS = YES;
				SWIFT_VERSION = 5.0;
				TARGETED_DEVICE_FAMILY = 1;
			};
			name = Debug;
		};
		20CB41202814F3F000D4F860 /* Release */ = {
			isa = XCBuildConfiguration;
			buildSettings = {
				ASSETCATALOG_COMPILER_APPICON_NAME = AppIcon;
				ASSETCATALOG_COMPILER_GLOBAL_ACCENT_COLOR_NAME = AccentColor;
				CODE_SIGN_STYLE = Automatic;
				CURRENT_PROJECT_VERSION = 6;
				DEVELOPMENT_ASSET_PATHS = "\"WickedWoods/Preview Content\"";
				DEVELOPMENT_TEAM = FYZE6539TN;
				ENABLE_PREVIEWS = YES;
				GENERATE_INFOPLIST_FILE = YES;
				INFOPLIST_FILE = WickedWoods/Info.plist;
				INFOPLIST_KEY_UIApplicationSceneManifest_Generation = YES;
				INFOPLIST_KEY_UIApplicationSupportsIndirectInputEvents = YES;
				INFOPLIST_KEY_UISupportedInterfaceOrientations_iPad = "UIInterfaceOrientationPortrait UIInterfaceOrientationPortraitUpsideDown UIInterfaceOrientationLandscapeLeft UIInterfaceOrientationLandscapeRight";
				INFOPLIST_KEY_UISupportedInterfaceOrientations_iPhone = "UIInterfaceOrientationPortrait UIInterfaceOrientationLandscapeLeft UIInterfaceOrientationLandscapeRight";
				IPHONEOS_DEPLOYMENT_TARGET = 15.0;
				LD_RUNPATH_SEARCH_PATHS = (
					"$(inherited)",
					"@executable_path/Frameworks",
				);
				MARKETING_VERSION = 1.2;
				PRODUCT_BUNDLE_IDENTIFIER = com.Festivl.WickedWoods;
				PRODUCT_NAME = "$(TARGET_NAME)";
				SWIFT_EMIT_LOC_STRINGS = YES;
				SWIFT_VERSION = 5.0;
				TARGETED_DEVICE_FAMILY = 1;
			};
			name = Release;
		};
		EF26A0BC27D855D100E10A71 /* Debug */ = {
			isa = XCBuildConfiguration;
			buildSettings = {
				ASSETCATALOG_COMPILER_APPICON_NAME = AppIcon;
				ASSETCATALOG_COMPILER_GLOBAL_ACCENT_COLOR_NAME = AccentColor;
				CODE_SIGN_ENTITLEMENTS = FestivlManager/FestivlManager.entitlements;
				CODE_SIGN_IDENTITY = "-";
				CODE_SIGN_STYLE = Automatic;
				COMBINE_HIDPI_IMAGES = YES;
				CURRENT_PROJECT_VERSION = 1;
				DEVELOPMENT_ASSET_PATHS = "\"FestivlManager/Preview Content\"";
				DEVELOPMENT_TEAM = FYZE6539TN;
				ENABLE_HARDENED_RUNTIME = YES;
				ENABLE_PREVIEWS = YES;
				GENERATE_INFOPLIST_FILE = YES;
				INFOPLIST_FILE = FestivlManager/Info.plist;
				INFOPLIST_KEY_NSHumanReadableCopyright = "";
				LD_RUNPATH_SEARCH_PATHS = (
					"$(inherited)",
					"@executable_path/../Frameworks",
				);
				MACOSX_DEPLOYMENT_TARGET = 12.1;
				MARKETING_VERSION = 1.0;
				PRODUCT_BUNDLE_IDENTIFIER = com.Woody.FestivlManager;
				PRODUCT_NAME = "$(TARGET_NAME)";
				SDKROOT = macosx;
				SWIFT_EMIT_LOC_STRINGS = YES;
				SWIFT_VERSION = 5.0;
			};
			name = Debug;
		};
		EF26A0BD27D855D100E10A71 /* Release */ = {
			isa = XCBuildConfiguration;
			buildSettings = {
				ASSETCATALOG_COMPILER_APPICON_NAME = AppIcon;
				ASSETCATALOG_COMPILER_GLOBAL_ACCENT_COLOR_NAME = AccentColor;
				CODE_SIGN_ENTITLEMENTS = FestivlManager/FestivlManager.entitlements;
				CODE_SIGN_IDENTITY = "-";
				CODE_SIGN_STYLE = Automatic;
				COMBINE_HIDPI_IMAGES = YES;
				CURRENT_PROJECT_VERSION = 1;
				DEVELOPMENT_ASSET_PATHS = "\"FestivlManager/Preview Content\"";
				DEVELOPMENT_TEAM = FYZE6539TN;
				ENABLE_HARDENED_RUNTIME = YES;
				ENABLE_PREVIEWS = YES;
				GENERATE_INFOPLIST_FILE = YES;
				INFOPLIST_FILE = FestivlManager/Info.plist;
				INFOPLIST_KEY_NSHumanReadableCopyright = "";
				LD_RUNPATH_SEARCH_PATHS = (
					"$(inherited)",
					"@executable_path/../Frameworks",
				);
				MACOSX_DEPLOYMENT_TARGET = 12.1;
				MARKETING_VERSION = 1.0;
				PRODUCT_BUNDLE_IDENTIFIER = com.Woody.FestivlManager;
				PRODUCT_NAME = "$(TARGET_NAME)";
				SDKROOT = macosx;
				SWIFT_EMIT_LOC_STRINGS = YES;
				SWIFT_VERSION = 5.0;
			};
			name = Release;
		};
		EF692E7427B4CA49006F8E0D /* Debug */ = {
			isa = XCBuildConfiguration;
			buildSettings = {
				ALWAYS_SEARCH_USER_PATHS = NO;
				CLANG_ANALYZER_NONNULL = YES;
				CLANG_ANALYZER_NUMBER_OBJECT_CONVERSION = YES_AGGRESSIVE;
				CLANG_CXX_LANGUAGE_STANDARD = "gnu++17";
				CLANG_CXX_LIBRARY = "libc++";
				CLANG_ENABLE_MODULES = YES;
				CLANG_ENABLE_OBJC_ARC = YES;
				CLANG_ENABLE_OBJC_WEAK = YES;
				CLANG_WARN_BLOCK_CAPTURE_AUTORELEASING = YES;
				CLANG_WARN_BOOL_CONVERSION = YES;
				CLANG_WARN_COMMA = YES;
				CLANG_WARN_CONSTANT_CONVERSION = YES;
				CLANG_WARN_DEPRECATED_OBJC_IMPLEMENTATIONS = YES;
				CLANG_WARN_DIRECT_OBJC_ISA_USAGE = YES_ERROR;
				CLANG_WARN_DOCUMENTATION_COMMENTS = YES;
				CLANG_WARN_EMPTY_BODY = YES;
				CLANG_WARN_ENUM_CONVERSION = YES;
				CLANG_WARN_INFINITE_RECURSION = YES;
				CLANG_WARN_INT_CONVERSION = YES;
				CLANG_WARN_NON_LITERAL_NULL_CONVERSION = YES;
				CLANG_WARN_OBJC_IMPLICIT_RETAIN_SELF = YES;
				CLANG_WARN_OBJC_LITERAL_CONVERSION = YES;
				CLANG_WARN_OBJC_ROOT_CLASS = YES_ERROR;
				CLANG_WARN_QUOTED_INCLUDE_IN_FRAMEWORK_HEADER = YES;
				CLANG_WARN_RANGE_LOOP_ANALYSIS = YES;
				CLANG_WARN_STRICT_PROTOTYPES = YES;
				CLANG_WARN_SUSPICIOUS_MOVE = YES;
				CLANG_WARN_UNGUARDED_AVAILABILITY = YES_AGGRESSIVE;
				CLANG_WARN_UNREACHABLE_CODE = YES;
				CLANG_WARN__DUPLICATE_METHOD_MATCH = YES;
				COPY_PHASE_STRIP = NO;
				DEBUG_INFORMATION_FORMAT = dwarf;
				ENABLE_STRICT_OBJC_MSGSEND = YES;
				ENABLE_TESTABILITY = YES;
				GCC_C_LANGUAGE_STANDARD = gnu11;
				GCC_DYNAMIC_NO_PIC = NO;
				GCC_NO_COMMON_BLOCKS = YES;
				GCC_OPTIMIZATION_LEVEL = 0;
				GCC_PREPROCESSOR_DEFINITIONS = (
					"DEBUG=1",
					"$(inherited)",
				);
				GCC_WARN_64_TO_32_BIT_CONVERSION = YES;
				GCC_WARN_ABOUT_RETURN_TYPE = YES_ERROR;
				GCC_WARN_UNDECLARED_SELECTOR = YES;
				GCC_WARN_UNINITIALIZED_AUTOS = YES_AGGRESSIVE;
				GCC_WARN_UNUSED_FUNCTION = YES;
				GCC_WARN_UNUSED_VARIABLE = YES;
				IPHONEOS_DEPLOYMENT_TARGET = 15.2;
				MTL_ENABLE_DEBUG_INFO = INCLUDE_SOURCE;
				MTL_FAST_MATH = YES;
				ONLY_ACTIVE_ARCH = YES;
				SDKROOT = iphoneos;
				SWIFT_ACTIVE_COMPILATION_CONDITIONS = DEBUG;
				SWIFT_OPTIMIZATION_LEVEL = "-Onone";
			};
			name = Debug;
		};
		EF692E7527B4CA49006F8E0D /* Release */ = {
			isa = XCBuildConfiguration;
			buildSettings = {
				ALWAYS_SEARCH_USER_PATHS = NO;
				CLANG_ANALYZER_NONNULL = YES;
				CLANG_ANALYZER_NUMBER_OBJECT_CONVERSION = YES_AGGRESSIVE;
				CLANG_CXX_LANGUAGE_STANDARD = "gnu++17";
				CLANG_CXX_LIBRARY = "libc++";
				CLANG_ENABLE_MODULES = YES;
				CLANG_ENABLE_OBJC_ARC = YES;
				CLANG_ENABLE_OBJC_WEAK = YES;
				CLANG_WARN_BLOCK_CAPTURE_AUTORELEASING = YES;
				CLANG_WARN_BOOL_CONVERSION = YES;
				CLANG_WARN_COMMA = YES;
				CLANG_WARN_CONSTANT_CONVERSION = YES;
				CLANG_WARN_DEPRECATED_OBJC_IMPLEMENTATIONS = YES;
				CLANG_WARN_DIRECT_OBJC_ISA_USAGE = YES_ERROR;
				CLANG_WARN_DOCUMENTATION_COMMENTS = YES;
				CLANG_WARN_EMPTY_BODY = YES;
				CLANG_WARN_ENUM_CONVERSION = YES;
				CLANG_WARN_INFINITE_RECURSION = YES;
				CLANG_WARN_INT_CONVERSION = YES;
				CLANG_WARN_NON_LITERAL_NULL_CONVERSION = YES;
				CLANG_WARN_OBJC_IMPLICIT_RETAIN_SELF = YES;
				CLANG_WARN_OBJC_LITERAL_CONVERSION = YES;
				CLANG_WARN_OBJC_ROOT_CLASS = YES_ERROR;
				CLANG_WARN_QUOTED_INCLUDE_IN_FRAMEWORK_HEADER = YES;
				CLANG_WARN_RANGE_LOOP_ANALYSIS = YES;
				CLANG_WARN_STRICT_PROTOTYPES = YES;
				CLANG_WARN_SUSPICIOUS_MOVE = YES;
				CLANG_WARN_UNGUARDED_AVAILABILITY = YES_AGGRESSIVE;
				CLANG_WARN_UNREACHABLE_CODE = YES;
				CLANG_WARN__DUPLICATE_METHOD_MATCH = YES;
				COPY_PHASE_STRIP = NO;
				DEBUG_INFORMATION_FORMAT = "dwarf-with-dsym";
				ENABLE_NS_ASSERTIONS = NO;
				ENABLE_STRICT_OBJC_MSGSEND = YES;
				GCC_C_LANGUAGE_STANDARD = gnu11;
				GCC_NO_COMMON_BLOCKS = YES;
				GCC_WARN_64_TO_32_BIT_CONVERSION = YES;
				GCC_WARN_ABOUT_RETURN_TYPE = YES_ERROR;
				GCC_WARN_UNDECLARED_SELECTOR = YES;
				GCC_WARN_UNINITIALIZED_AUTOS = YES_AGGRESSIVE;
				GCC_WARN_UNUSED_FUNCTION = YES;
				GCC_WARN_UNUSED_VARIABLE = YES;
				IPHONEOS_DEPLOYMENT_TARGET = 15.2;
				MTL_ENABLE_DEBUG_INFO = NO;
				MTL_FAST_MATH = YES;
				SDKROOT = iphoneos;
				SWIFT_COMPILATION_MODE = wholemodule;
				SWIFT_OPTIMIZATION_LEVEL = "-O";
				VALIDATE_PRODUCT = YES;
			};
			name = Release;
		};
		EF692E7727B4CA49006F8E0D /* Debug */ = {
			isa = XCBuildConfiguration;
			buildSettings = {
				ASSETCATALOG_COMPILER_APPICON_NAME = AppIcon;
				ASSETCATALOG_COMPILER_GLOBAL_ACCENT_COLOR_NAME = AccentColor;
				CODE_SIGN_STYLE = Automatic;
				CURRENT_PROJECT_VERSION = 6;
				DEVELOPMENT_ASSET_PATHS = "\"Festivl/Preview Content\"";
				DEVELOPMENT_TEAM = FYZE6539TN;
				ENABLE_PREVIEWS = YES;
				GENERATE_INFOPLIST_FILE = YES;
				INFOPLIST_FILE = Festivl/Info.plist;
				INFOPLIST_KEY_UIApplicationSceneManifest_Generation = YES;
				INFOPLIST_KEY_UIApplicationSupportsIndirectInputEvents = YES;
				INFOPLIST_KEY_UILaunchScreen_Generation = YES;
				INFOPLIST_KEY_UISupportedInterfaceOrientations = "UIInterfaceOrientationPortrait UIInterfaceOrientationLandscapeLeft UIInterfaceOrientationLandscapeRight";
				INFOPLIST_KEY_UISupportedInterfaceOrientations_iPad = "UIInterfaceOrientationPortrait UIInterfaceOrientationPortraitUpsideDown UIInterfaceOrientationLandscapeLeft UIInterfaceOrientationLandscapeRight";
				INFOPLIST_KEY_UISupportedInterfaceOrientations_iPhone = "UIInterfaceOrientationPortrait UIInterfaceOrientationLandscapeLeft UIInterfaceOrientationLandscapeRight";
				LD_RUNPATH_SEARCH_PATHS = (
					"$(inherited)",
					"@executable_path/Frameworks",
				);
				MARKETING_VERSION = 1.1;
				PRODUCT_BUNDLE_IDENTIFIER = com.Woody.Festivl;
				PRODUCT_NAME = "$(TARGET_NAME)";
				SWIFT_EMIT_LOC_STRINGS = YES;
				SWIFT_VERSION = 5.0;
				TARGETED_DEVICE_FAMILY = 1;
			};
			name = Debug;
		};
		EF692E7827B4CA49006F8E0D /* Release */ = {
			isa = XCBuildConfiguration;
			buildSettings = {
				ASSETCATALOG_COMPILER_APPICON_NAME = AppIcon;
				ASSETCATALOG_COMPILER_GLOBAL_ACCENT_COLOR_NAME = AccentColor;
				CODE_SIGN_STYLE = Automatic;
				CURRENT_PROJECT_VERSION = 6;
				DEVELOPMENT_ASSET_PATHS = "\"Festivl/Preview Content\"";
				DEVELOPMENT_TEAM = FYZE6539TN;
				ENABLE_PREVIEWS = YES;
				GENERATE_INFOPLIST_FILE = YES;
				INFOPLIST_FILE = Festivl/Info.plist;
				INFOPLIST_KEY_UIApplicationSceneManifest_Generation = YES;
				INFOPLIST_KEY_UIApplicationSupportsIndirectInputEvents = YES;
				INFOPLIST_KEY_UILaunchScreen_Generation = YES;
				INFOPLIST_KEY_UISupportedInterfaceOrientations = "UIInterfaceOrientationPortrait UIInterfaceOrientationLandscapeLeft UIInterfaceOrientationLandscapeRight";
				INFOPLIST_KEY_UISupportedInterfaceOrientations_iPad = "UIInterfaceOrientationPortrait UIInterfaceOrientationPortraitUpsideDown UIInterfaceOrientationLandscapeLeft UIInterfaceOrientationLandscapeRight";
				INFOPLIST_KEY_UISupportedInterfaceOrientations_iPhone = "UIInterfaceOrientationPortrait UIInterfaceOrientationLandscapeLeft UIInterfaceOrientationLandscapeRight";
				LD_RUNPATH_SEARCH_PATHS = (
					"$(inherited)",
					"@executable_path/Frameworks",
				);
				MARKETING_VERSION = 1.1;
				PRODUCT_BUNDLE_IDENTIFIER = com.Woody.Festivl;
				PRODUCT_NAME = "$(TARGET_NAME)";
				SWIFT_EMIT_LOC_STRINGS = YES;
				SWIFT_VERSION = 5.0;
				TARGETED_DEVICE_FAMILY = 1;
			};
			name = Release;
		};
/* End XCBuildConfiguration section */

/* Begin XCConfigurationList section */
		20CB41212814F3F000D4F860 /* Build configuration list for PBXNativeTarget "WickedWoods" */ = {
			isa = XCConfigurationList;
			buildConfigurations = (
				20CB411F2814F3F000D4F860 /* Debug */,
				20CB41202814F3F000D4F860 /* Release */,
			);
			defaultConfigurationIsVisible = 0;
			defaultConfigurationName = Release;
		};
		EF26A0BE27D855D100E10A71 /* Build configuration list for PBXNativeTarget "FestivlManager" */ = {
			isa = XCConfigurationList;
			buildConfigurations = (
				EF26A0BC27D855D100E10A71 /* Debug */,
				EF26A0BD27D855D100E10A71 /* Release */,
			);
			defaultConfigurationIsVisible = 0;
			defaultConfigurationName = Release;
		};
		EF692E6327B4CA48006F8E0D /* Build configuration list for PBXProject "Festivl" */ = {
			isa = XCConfigurationList;
			buildConfigurations = (
				EF692E7427B4CA49006F8E0D /* Debug */,
				EF692E7527B4CA49006F8E0D /* Release */,
			);
			defaultConfigurationIsVisible = 0;
			defaultConfigurationName = Release;
		};
		EF692E7627B4CA49006F8E0D /* Build configuration list for PBXNativeTarget "Festivl" */ = {
			isa = XCConfigurationList;
			buildConfigurations = (
				EF692E7727B4CA49006F8E0D /* Debug */,
				EF692E7827B4CA49006F8E0D /* Release */,
			);
			defaultConfigurationIsVisible = 0;
			defaultConfigurationName = Release;
		};
/* End XCConfigurationList section */

/* Begin XCSwiftPackageProductDependency section */
		20CB41222814F41500D4F860 /* EventFeature */ = {
			isa = XCSwiftPackageProductDependency;
			productName = EventFeature;
		};
		20CB41262814F42E00D4F860 /* ServiceCore */ = {
			isa = XCSwiftPackageProductDependency;
			productName = ServiceCore;
		};
		EF26A0C127D8649300E10A71 /* FestivlAppFeature */ = {
			isa = XCSwiftPackageProductDependency;
			productName = FestivlAppFeature;
		};
		EF26A0CE27D87C1E00E10A71 /* ServiceCore */ = {
			isa = XCSwiftPackageProductDependency;
			productName = ServiceCore;
		};
		EF26A0D027D87C2500E10A71 /* FestivlManagerAppFeature */ = {
			isa = XCSwiftPackageProductDependency;
			productName = FestivlManagerAppFeature;
		};
		EF28EC5827E0432B008FCE36 /* MacOSComponents */ = {
			isa = XCSwiftPackageProductDependency;
			productName = MacOSComponents;
		};
		EF479E5127B629E00075D7E2 /* ServiceCore */ = {
			isa = XCSwiftPackageProductDependency;
			productName = ServiceCore;
		};
/* End XCSwiftPackageProductDependency section */
	};
	rootObject = EF692E6027B4CA48006F8E0D /* Project object */;
}
